
Microsoft Visual Studio Solution File, Format Version 12.00
# Visual Studio Version 16
VisualStudioVersion = 16.0.29123.88
MinimumVisualStudioVersion = 10.0.40219.1
Project("{FAE04EC0-301F-11D3-BF4B-00C04F79EFBC}") = "Blog", "Blog\Blog.csproj", "{7D0CAC76-E5FF-4324-BFD8-D0EE9479BBC9}"
EndProject
Project("{FAE04EC0-301F-11D3-BF4B-00C04F79EFBC}") = "Blog.Controller", "Blog.Controller\Blog.Controller.csproj", "{49AB66EE-8EC8-428C-9429-5D1E50FD7B1E}"
EndProject
Project("{FAE04EC0-301F-11D3-BF4B-00C04F79EFBC}") = "Blog.Model", "Blog.Model\Blog.Model.csproj", "{8DCFFF0D-371D-413F-AABF-270ED2F2E792}"
EndProject
Project("{FAE04EC0-301F-11D3-BF4B-00C04F79EFBC}") = "Blog.Service", "Blog.Service\Blog.Service.csproj", "{58C040FF-8847-41D9-B227-02D28E5E5997}"
EndProject
Global
	GlobalSection(SolutionConfigurationPlatforms) = preSolution
		Debug|Any CPU = Debug|Any CPU
		Release|Any CPU = Release|Any CPU
	EndGlobalSection
	GlobalSection(ProjectConfigurationPlatforms) = postSolution
		{7D0CAC76-E5FF-4324-BFD8-D0EE9479BBC9}.Debug|Any CPU.ActiveCfg = Debug|Any CPU
		{7D0CAC76-E5FF-4324-BFD8-D0EE9479BBC9}.Debug|Any CPU.Build.0 = Debug|Any CPU
		{7D0CAC76-E5FF-4324-BFD8-D0EE9479BBC9}.Release|Any CPU.ActiveCfg = Release|Any CPU
		{7D0CAC76-E5FF-4324-BFD8-D0EE9479BBC9}.Release|Any CPU.Build.0 = Release|Any CPU
		{49AB66EE-8EC8-428C-9429-5D1E50FD7B1E}.Debug|Any CPU.ActiveCfg = Debug|Any CPU
		{49AB66EE-8EC8-428C-9429-5D1E50FD7B1E}.Debug|Any CPU.Build.0 = Debug|Any CPU
		{49AB66EE-8EC8-428C-9429-5D1E50FD7B1E}.Release|Any CPU.ActiveCfg = Release|Any CPU
		{49AB66EE-8EC8-428C-9429-5D1E50FD7B1E}.Release|Any CPU.Build.0 = Release|Any CPU
		{8DCFFF0D-371D-413F-AABF-270ED2F2E792}.Debug|Any CPU.ActiveCfg = Debug|Any CPU
		{8DCFFF0D-371D-413F-AABF-270ED2F2E792}.Debug|Any CPU.Build.0 = Debug|Any CPU
		{8DCFFF0D-371D-413F-AABF-270ED2F2E792}.Release|Any CPU.ActiveCfg = Release|Any CPU
		{8DCFFF0D-371D-413F-AABF-270ED2F2E792}.Release|Any CPU.Build.0 = Release|Any CPU
		{58C040FF-8847-41D9-B227-02D28E5E5997}.Debug|Any CPU.ActiveCfg = Debug|Any CPU
		{58C040FF-8847-41D9-B227-02D28E5E5997}.Debug|Any CPU.Build.0 = Debug|Any CPU
		{58C040FF-8847-41D9-B227-02D28E5E5997}.Release|Any CPU.ActiveCfg = Release|Any CPU
		{58C040FF-8847-41D9-B227-02D28E5E5997}.Release|Any CPU.Build.0 = Release|Any CPU
	EndGlobalSection
	GlobalSection(SolutionProperties) = preSolution
		HideSolutionNode = FALSE
	EndGlobalSection
	GlobalSection(ExtensibilityGlobals) = postSolution
		SolutionGuid = {D84EE098-C11F-4774-8A9A-069BA6DA8FDA}
	EndGlobalSection
EndGlobal
